github.com/aimjel/minecraft v0.0.0-20231022092304-06f8f3170eb7 h1:YMwncrMHRMPTWt3Vp6mhlhthkkSiKnp1R5mMSfCyOLs=
github.com/aimjel/minecraft v0.0.0-20231022092304-06f8f3170eb7/go.mod h1:jb47g4nDw3J8JdA4WxQpDx25NoIZiyNCjFOtM1b3Urk=
github.com/aimjel/minecraft v0.0.0-20231022184207-509cff18a83b h1:OdRk6Ykg2ofGvxTOVm+VkO6CpDfM6g0ZEpyn9JPkejo=
github.com/aimjel/minecraft v0.0.0-20231022184207-509cff18a83b/go.mod h1:jb47g4nDw3J8JdA4WxQpDx25NoIZiyNCjFOtM1b3Urk=
github.com/aimjel/minecraft v0.0.0-20231022185006-4549a818ae7a h1:U1K/55I1ZAU2LlKh9egoJQjemxWIrmJzWb4MGIgNkKI=
github.com/aimjel/minecraft v0.0.0-20231022185006-4549a818ae7a/go.mod h1:jb47g4nDw3J8JdA4WxQpDx25NoIZiyNCjFOtM1b3Urk=
github.com/aimjel/minecraft v0.0.0-20231022200356-7ca6ae0ecc08 h1:aQhLU3nTSElNXaAHDbi3+2m3KQPfAITjS89w//cQc9E=
github.com/aimjel/minecraft v0.0.0-20231022200356-7ca6ae0ecc08/go.mod h1:jb47g4nDw3J8JdA4WxQpDx25NoIZiyNCjFOtM1b3Urk=
github.com/aimjel/minecraft v0.0.0-20231022201047-c00acac5e910 h1:yVohmZ4Rm+8XejlUrNZjwm3r0UOds9JygMGgGM+RwK0=
github.com/aimjel/minecraft v0.0.0-20231022201047-c00acac5e910/go.mod h1:jb47g4nDw3J8JdA4WxQpDx25NoIZiyNCjFOtM1b3Urk=
github.com/aimjel/minecraft v0.0.0-20231023020443-740fd0a2812f h1:po5yyn+IiZwfv5RDOO0WoNjcDpEIegnEn1ZPP2tDWCg=
github.com/aimjel/minecraft v0.0.0-20231023020443-740fd0a2812f/go.mod h1:jb47g4nDw3J8JdA4WxQpDx25NoIZiyNCjFOtM1b3Urk=
github.com/aimjel/minecraft v0.0.0-20231023022015-37f4a0464118 h1:CU4zuChZM/Uti7aQlmJ6IEHAsf7YY9GekOm5lB10+BY=
github.com/aimjel/minecraft v0.0.0-20231023022015-37f4a0464118/go.mod h1:jb47g4nDw3J8JdA4WxQpDx25NoIZiyNCjFOtM1b3Urk=
github.com/aimjel/minecraft v0.0.0-20231023022129-b5fbcc9780d8 h1:2lbdoF9Cjdatmy6xhBNPz/+2OGFekiswQUsYteoLU6o=
github.com/aimjel/minecraft v0.0.0-20231023022129-b5fbcc9780d8/go.mod h1:jb47g4nDw3J8JdA4WxQpDx25NoIZiyNCjFOtM1b3Urk=
github.com/aimjel/minecraft v0.0.0-20231023022244-fb0d6c4d19eb h1:sLvNI1qgTboSFSgnOWzoFOVauPxD5IeclXkDkzEKguk=
github.com/aimjel/minecraft v0.0.0-20231023022244-fb0d6c4d19eb/go.mod h1:jb47g4nDw3J8JdA4WxQpDx25NoIZiyNCjFOtM1b3Urk=
github.com/aimjel/minecraft v0.0.0-20231023023340-c24806ba079c h1:2FmQQxc706k4OV8drnrHWIZ9RGou5ReMXBoh+y6D3/o=
github.com/aimjel/minecraft v0.0.0-20231023023340-c24806ba079c/go.mod h1:jb47g4nDw3J8JdA4WxQpDx25NoIZiyNCjFOtM1b3Urk=
github.com/aimjel/minecraft v0.0.0-20231023030558-364c6e175a8d h1:/v8usp5EglXr9tnOCDsuzN13ODirYu6A9z/XB0KzkxY=
github.com/aimjel/minecraft v0.0.0-20231023030558-364c6e175a8d/go.mod h1:jb47g4nDw3J8JdA4WxQpDx25NoIZiyNCjFOtM1b3Urk=
github.com/aimjel/minecraft v0.0.0-20231023030701-33b875c0e68b h1:Gb+m886X/6VIcouWzDdnWPPUfLXpZnlmFA7UXjGEGJI=
github.com/aimjel/minecraft v0.0.0-20231023030701-33b875c0e68b/go.mod h1:jb47g4nDw3J8JdA4WxQpDx25NoIZiyNCjFOtM1b3Urk=
github.com/aimjel/minecraft v0.0.0-20231023082555-afd9635497a0 h1:AyljKRzPsrJMst4Oo86myYG8s0g8txvt7Cvwun2jqts=
github.com/aimjel/minecraft v0.0.0-20231023082555-afd9635497a0/go.mod h1:jb47g4nDw3J8JdA4WxQpDx25NoIZiyNCjFOtM1b3Urk=
github.com/aimjel/minecraft v0.0.0-20231023082748-4af486dc4036 h1:9JJRPnQDlcAzQlNEk0u6gLyjUDB0tX2fsOMnUryKYQI=
github.com/aimjel/minecraft v0.0.0-20231023082748-4af486dc4036/go.mod h1:jb47g4nDw3J8JdA4WxQpDx25NoIZiyNCjFOtM1b3Urk=
github.com/aimjel/minecraft v0.0.0-20231023082923-00b4e048f657 h1:I6CpUFV8iO12NH7EpR+rqxBnKlyuwifr58jDQQ4t8Js=
github.com/aimjel/minecraft v0.0.0-20231023082923-00b4e048f657/go.mod h1:jb47g4nDw3J8JdA4WxQpDx25NoIZiyNCjFOtM1b3Urk=
github.com/aimjel/minecraft v0.0.0-20231023090823-e8ec402cbc4c h1:jhSNBYFsB6lYaI0aiXiBW8kQD7EHECSIDvxv8oND/Zo=
github.com/aimjel/minecraft v0.0.0-20231023090823-e8ec402cbc4c/go.mod h1:jb47g4nDw3J8JdA4WxQpDx25NoIZiyNCjFOtM1b3Urk=
github.com/aimjel/minecraft v0.0.0-20231023090938-08fa5df9f67e h1:2l/tcI/e4zSogThztHuNCH9PE3WvJqgM10hQ5MeE+K8=
github.com/aimjel/minecraft v0.0.0-20231023090938-08fa5df9f67e/go.mod h1:jb47g4nDw3J8JdA4WxQpDx25NoIZiyNCjFOtM1b3Urk=
github.com/aimjel/minecraft v0.0.0-20231024024820-df0487843d99 h1:favffy1TmksDK9LpurJlb4jY5nX9ZHDw4IH1hKmrJvE=
github.com/aimjel/minecraft v0.0.0-20231024024820-df0487843d99/go.mod h1:jb47g4nDw3J8JdA4WxQpDx25NoIZiyNCjFOtM1b3Urk=
github.com/aimjel/minecraft v0.0.0-20231024053415-716757bf926c h1:4zv1lp0HCwxmoKtBY70UNBEGRi/MyHjS0thFDa+C124=
github.com/aimjel/minecraft v0.0.0-20231024053415-716757bf926c/go.mod h1:jb47g4nDw3J8JdA4WxQpDx25NoIZiyNCjFOtM1b3Urk=
github.com/aimjel/minecraft v0.0.0-20231024053813-51054dab39f7 h1:rkZ01MknPCIszxs3vy2gdGDdWPzNtWYrXo0hhRtOJFU=
github.com/aimjel/minecraft v0.0.0-20231024053813-51054dab39f7/go.mod h1:jb47g4nDw3J8JdA4WxQpDx25NoIZiyNCjFOtM1b3Urk=
github.com/aimjel/minecraft v0.0.0-20231024053907-1d628a10bfc0 h1:qPfYE/5k1E0O8bLLAfIIzpNuqPwmFQ9VZkPgvi30HZA=
github.com/aimjel/minecraft v0.0.0-20231024053907-1d628a10bfc0/go.mod h1:jb47g4nDw3J8JdA4WxQpDx25NoIZiyNCjFOtM1b3Urk=
github.com/aimjel/minecraft v0.0.0-20231024075022-837f4a3d313c h1:9mQflJbGq/+zFjo1BaU9ZH1R+f9dxDlPmUUHXg5enk4=
github.com/aimjel/minecraft v0.0.0-20231024075022-837f4a3d313c/go.mod h1:jb47g4nDw3J8JdA4WxQpDx25NoIZiyNCjFOtM1b3Urk=
github.com/aimjel/minecraft v0.0.0-20231024075502-1740d8b7f17a h1:AR5HxAprCYlxzRoqLmsye+ZCjHnvUbf7HdEqosc/YT8=
github.com/aimjel/minecraft v0.0.0-20231024075502-1740d8b7f17a/go.mod h1:jb47g4nDw3J8JdA4WxQpDx25NoIZiyNCjFOtM1b3Urk=
github.com/aimjel/minecraft v0.0.0-20231024143218-e381eef19f73 h1:8EzY2gNTCWW6VNz0L34EfNHncO+DtCnDKVngnsBXJTo=
github.com/aimjel/minecraft v0.0.0-20231024143218-e381eef19f73/go.mod h1:jb47g4nDw3J8JdA4WxQpDx25NoIZiyNCjFOtM1b3Urk=
github.com/aimjel/minecraft v0.0.0-20231025184936-cc11bb8b03a4 h1:zoqcfHbrGV5MhkujcqtbLVEaow8LgBc6ZqQOiTFtseA=
github.com/aimjel/minecraft v0.0.0-20231025184936-cc11bb8b03a4/go.mod h1:jb47g4nDw3J8JdA4WxQpDx25NoIZiyNCjFOtM1b3Urk=
github.com/aimjel/minecraft v0.0.0-20231025185720-db5f4adc4043 h1:iFI7TEgiWODbm+8pLT5I+rnJ5N/EaajqCh2HQDcTVcU=
github.com/aimjel/minecraft v0.0.0-20231025185720-db5f4adc4043/go.mod h1:jb47g4nDw3J8JdA4WxQpDx25NoIZiyNCjFOtM1b3Urk=
github.com/aimjel/minecraft v0.0.0-20231025200326-33f93a5a5e35 h1:Zroq6dY5Hl1k/nYcrMyvRD9RE4+XNJ26SjEPFwHgD58=
github.com/aimjel/minecraft v0.0.0-20231025200326-33f93a5a5e35/go.mod h1:jb47g4nDw3J8JdA4WxQpDx25NoIZiyNCjFOtM1b3Urk=
github.com/aimjel/minecraft v0.0.0-20231026113604-a44e94d2d603 h1:HkgSS+5Cj1+aTpuNKmVMASLjidFiw3/7GMAWS108A9M=
github.com/aimjel/minecraft v0.0.0-20231026113604-a44e94d2d603/go.mod h1:jb47g4nDw3J8JdA4WxQpDx25NoIZiyNCjFOtM1b3Urk=
github.com/aimjel/minecraft v0.0.0-20231026114243-7739dd57e68c h1:oqa7t7U8T8BEhXZkemKIhY8kRSlvNx6BkfioYor0A3g=
github.com/aimjel/minecraft v0.0.0-20231026114243-7739dd57e68c/go.mod h1:jb47g4nDw3J8JdA4WxQpDx25NoIZiyNCjFOtM1b3Urk=
github.com/aimjel/minecraft v0.0.0-20231026114600-579919ed47bb h1:/nHQNpfYMlv5/CrGoFiMmswKLPqbY5QDqL4A39W0r6M=
github.com/aimjel/minecraft v0.0.0-20231026114600-579919ed47bb/go.mod h1:jb47g4nDw3J8JdA4WxQpDx25NoIZiyNCjFOtM1b3Urk=
github.com/aimjel/minecraft v0.0.0-20231026125407-b333be29a8e1 h1:XjJq6myZXKRYnaFc99BWva0Bg5UfwkGQxUqdlO90Tj8=
github.com/aimjel/minecraft v0.0.0-20231026125407-b333be29a8e1/go.mod h1:jb47g4nDw3J8JdA4WxQpDx25NoIZiyNCjFOtM1b3Urk=
github.com/aimjel/minecraft v0.0.0-20231026133655-00c99fc6862a h1:qBKaXb2rrzLU3BfGhL5rHMHw9CwiRfgzxTB7THoN2js=
github.com/aimjel/minecraft v0.0.0-20231026133655-00c99fc6862a/go.mod h1:jb47g4nDw3J8JdA4WxQpDx25NoIZiyNCjFOtM1b3Urk=
github.com/aimjel/minecraft v0.0.0-20231026154050-2752b6afddd8 h1:iMicAUy2YX/1GJ/TyDCltb3N557eO77KlzDLv4TUsVM=
github.com/aimjel/minecraft v0.0.0-20231026154050-2752b6afddd8/go.mod h1:jb47g4nDw3J8JdA4WxQpDx25NoIZiyNCjFOtM1b3Urk=
github.com/aimjel/minecraft v0.0.0-20231027002830-037285572ac0 h1:kLfgX86MX/YzkGqMNmPGZtdnozAYPUf130nf6efNsCM=
github.com/aimjel/minecraft v0.0.0-20231027002830-037285572ac0/go.mod h1:jb47g4nDw3J8JdA4WxQpDx25NoIZiyNCjFOtM1b3Urk=
github.com/aimjel/minecraft v0.0.0-20231027021614-b77176dc50e3 h1:CjjFddP1sEu/rLOmCZ/fYk1YWVRgHyfsAWA1xwlcC2E=
github.com/aimjel/minecraft v0.0.0-20231027021614-b77176dc50e3/go.mod h1:jb47g4nDw3J8JdA4WxQpDx25NoIZiyNCjFOtM1b3Urk=
github.com/aimjel/minecraft v0.0.0-20231027021651-ed6629c99f72 h1:NQpFq56O8xIqsfvwM7dFG8T7s3AgFn1zkeXHq/wkSDI=
github.com/aimjel/minecraft v0.0.0-20231027021651-ed6629c99f72/go.mod h1:jb47g4nDw3J8JdA4WxQpDx25NoIZiyNCjFOtM1b3Urk=
github.com/aimjel/minecraft v0.0.0-20231027022321-0544a5528a5f h1:BdKQqkdbe86EQKwg55dhYzLChWTnOm8GvYa5jZR9+Bw=
github.com/aimjel/minecraft v0.0.0-20231027022321-0544a5528a5f/go.mod h1:jb47g4nDw3J8JdA4WxQpDx25NoIZiyNCjFOtM1b3Urk=
github.com/aimjel/minecraft v0.0.0-20231027022443-807e05a29d31 h1:4V5zoEm2up1ya8bNtS3HdpildLGXP3SW3ROfppl2khg=
github.com/aimjel/minecraft v0.0.0-20231027022443-807e05a29d31/go.mod h1:jb47g4nDw3J8JdA4WxQpDx25NoIZiyNCjFOtM1b3Urk=
github.com/aimjel/minecraft v0.0.0-20231027022530-9cfd51b32678 h1:xf1XdCIwtz5FxDCt+yiZYRp3aSRkUVh9q1HBovEjqiE=
github.com/aimjel/minecraft v0.0.0-20231027022530-9cfd51b32678/go.mod h1:jb47g4nDw3J8JdA4WxQpDx25NoIZiyNCjFOtM1b3Urk=
github.com/aimjel/minecraft v0.0.0-20231027022713-c438323b220e h1:9i9+sjrbhU9DFg+C00w0nQUdOy05tF+3XpY2g6LZ0Qk=
github.com/aimjel/minecraft v0.0.0-20231027022713-c438323b220e/go.mod h1:jb47g4nDw3J8JdA4WxQpDx25NoIZiyNCjFOtM1b3Urk=
github.com/aimjel/minecraft v0.0.0-20231027022754-1f2098660bc0 h1:g8hpj1qVRqkPQiaJ5HUrTKwa6/UFi4hhTveU/i/JD6E=
github.com/aimjel/minecraft v0.0.0-20231027022754-1f2098660bc0/go.mod h1:jb47g4nDw3J8JdA4WxQpDx25NoIZiyNCjFOtM1b3Urk=
github.com/aimjel/minecraft v0.0.0-20231028170116-bbc6313c6f03 h1:3jnZcNJMpIeByMpEF1tNiOVlEc5P/2tBhGLRxDG79kg=
github.com/aimjel/minecraft v0.0.0-20231028170116-bbc6313c6f03/go.mod h1:jb47g4nDw3J8JdA4WxQpDx25NoIZiyNCjFOtM1b3Urk=
github.com/davecgh/go-spew v1.1.0/go.mod h1:J7Y8YcW2NihsgmVo/mv3lAwl/skON4iLHjSsI+c5H38=
github.com/davecgh/go-spew v1.1.1 h1:vj9j/u1bqnvCEfJOwUhtlOARqs3+rkHYY13jYWTU97c=
github.com/davecgh/go-spew v1.1.1/go.mod h1:J7Y8YcW2NihsgmVo/mv3lAwl/skON4iLHjSsI+c5H38=
github.com/fatih/color v1.15.0 h1:kOqh6YHBtK8aywxGerMG2Eq3H6Qgoqeo13Bk2Mv/nBs=
github.com/fatih/color v1.15.0/go.mod h1:0h5ZqXfHYED7Bhv2ZJamyIOUej9KtShiJESRwBDUSsw=
github.com/google/uuid v1.3.1 h1:KjJaJ9iWZ3jOFZIf1Lqf4laDRCasjl0BCmnEGxkdLb4=
github.com/google/uuid v1.3.1/go.mod h1:TIyPZe4MgqvfeYDBFedMoGGpEw/LqOeaOT+nhxU+yHo=
github.com/gorilla/websocket v1.5.0 h1:PPwGk2jz7EePpoHN/+ClbZu8SPxiqlu12wZP/3sWmnc=
github.com/gorilla/websocket v1.5.0/go.mod h1:YR8l580nyteQvAITg2hZ9XVh4b55+EU/adAjf1fMHhE=
github.com/mattn/go-colorable v0.1.13 h1:fFA4WZxdEF4tXPZVKMLwD8oUnCTTo08duU7wxecdEvA=
github.com/mattn/go-colorable v0.1.13/go.mod h1:7S9/ev0klgBDR4GtXTXX8a3vIGJpMovkB8vQcUbaXHg=
github.com/mattn/go-isatty v0.0.16/go.mod h1:kYGgaQfpe5nmfYZH+SKPsOc2e4SrIfOl2e/yFXSvRLM=
github.com/mattn/go-isatty v0.0.19 h1:JITubQf0MOLdlGRuRq+jtsDlekdYPia9ZFsB8h/APPA=
github.com/mattn/go-isatty v0.0.19/go.mod h1:W+V8PltTTMOvKvAeJH7IuucS94S2C6jfK/D7dTCTo3Y=
github.com/pelletier/go-toml/v2 v2.1.0 h1:FnwAJ4oYMvbT/34k9zzHuZNrhlz48GB3/s6at6/MHO4=
github.com/pelletier/go-toml/v2 v2.1.0/go.mod h1:tJU2Z3ZkXwnxa4DPO899bsyIoywizdUvyaeZurnPPDc=
github.com/pmezard/go-difflib v1.0.0 h1:4DBwDE0NGyQoBHbLQYPwSUPoCMWR5BEzIk/f1lZbAQM=
github.com/pmezard/go-difflib v1.0.0/go.mod h1:iKH77koFhYxTK1pcRnkKkqfTogsbg7gZNVY4sRDYZ/4=
github.com/stretchr/objx v0.1.0/go.mod h1:HFkY916IF+rwdDfMAkV7OtwuqBVzrE8GR6GFx+wExME=
github.com/stretchr/objx v0.4.0/go.mod h1:YvHI0jy2hoMjB+UWwv71VJQ9isScKT/TqJzVSSt89Yw=
github.com/stretchr/objx v0.5.0/go.mod h1:Yh+to48EsGEfYuaHDzXPcE3xhTkx73EhmCGUpEOglKo=
github.com/stretchr/testify v1.7.1/go.mod h1:6Fq8oRcR53rry900zMqJjRRixrwX3KX962/h/Wwjteg=
github.com/stretchr/testify v1.8.0/go.mod h1:yNjHg4UonilssWZ8iaSj1OCr/vHnekPRkoO+kdMU+MU=
github.com/stretchr/testify v1.8.4 h1:CcVxjf3Q8PM0mHUKJCdn+eZZtm5yQwehR5yeSVQQcUk=
github.com/stretchr/testify v1.8.4/go.mod h1:sz/lmYIOXD/1dqDmKjjqLyZ2RngseejIcXlSw2iwfAo=
golang.org/x/sys v0.0.0-20220811171246-fbc7d0a398ab/go.mod h1:oPkhp1MJrh7nUepCBck5+mAzfO9JrbApNNgaTdGDITg=
golang.org/x/sys v0.6.0/go.mod h1:oPkhp1MJrh7nUepCBck5+mAzfO9JrbApNNgaTdGDITg=
golang.org/x/sys v0.12.0 h1:CM0HF96J0hcLAwsHPJZjfdNzs0gftsLfgKt57wWHJ0o=
golang.org/x/sys v0.12.0/go.mod h1:oPkhp1MJrh7nUepCBck5+mAzfO9JrbApNNgaTdGDITg=
gopkg.in/check.v1 v0.0.0-20161208181325-20d25e280405/go.mod h1:Co6ibVJAznAaIkqp8huTwlJQCZ016jof/cbN4VW5Yz0=
gopkg.in/yaml.v3 v3.0.0-20200313102051-9f266ea9e77c/go.mod h1:K4uyk7z7BCEPqu6E+C64Yfv1cQ7kz7rIZviUmN+EgEM=
gopkg.in/yaml.v3 v3.0.1 h1:fxVm/GzAzEWqLHuvctI91KS9hhNmmWOoWu0XTYJS7CA=
gopkg.in/yaml.v3 v3.0.1/go.mod h1:K4uyk7z7BCEPqu6E+C64Yfv1cQ7kz7rIZviUmN+EgEM=
