github.com/aimjel/minecraft v0.0.0-20231022092304-06f8f3170eb7 h1:YMwncrMHRMPTWt3Vp6mhlhthkkSiKnp1R5mMSfCyOLs=
github.com/aimjel/minecraft v0.0.0-20231022092304-06f8f3170eb7/go.mod h1:jb47g4nDw3J8JdA4WxQpDx25NoIZiyNCjFOtM1b3Urk=
github.com/aimjel/minecraft v0.0.0-20231022184207-509cff18a83b h1:OdRk6Ykg2ofGvxTOVm+VkO6CpDfM6g0ZEpyn9JPkejo=
github.com/aimjel/minecraft v0.0.0-20231022184207-509cff18a83b/go.mod h1:jb47g4nDw3J8JdA4WxQpDx25NoIZiyNCjFOtM1b3Urk=
github.com/aimjel/minecraft v0.0.0-20231022185006-4549a818ae7a h1:U1K/55I1ZAU2LlKh9egoJQjemxWIrmJzWb4MGIgNkKI=
github.com/aimjel/minecraft v0.0.0-20231022185006-4549a818ae7a/go.mod h1:jb47g4nDw3J8JdA4WxQpDx25NoIZiyNCjFOtM1b3Urk=
github.com/aimjel/minecraft v0.0.0-20231022200356-7ca6ae0ecc08 h1:aQhLU3nTSElNXaAHDbi3+2m3KQPfAITjS89w//cQc9E=
github.com/aimjel/minecraft v0.0.0-20231022200356-7ca6ae0ecc08/go.mod h1:jb47g4nDw3J8JdA4WxQpDx25NoIZiyNCjFOtM1b3Urk=
github.com/aimjel/minecraft v0.0.0-20231022201047-c00acac5e910 h1:yVohmZ4Rm+8XejlUrNZjwm3r0UOds9JygMGgGM+RwK0=
github.com/aimjel/minecraft v0.0.0-20231022201047-c00acac5e910/go.mod h1:jb47g4nDw3J8JdA4WxQpDx25NoIZiyNCjFOtM1b3Urk=
github.com/aimjel/minecraft v0.0.0-20231023020443-740fd0a2812f h1:po5yyn+IiZwfv5RDOO0WoNjcDpEIegnEn1ZPP2tDWCg=
github.com/aimjel/minecraft v0.0.0-20231023020443-740fd0a2812f/go.mod h1:jb47g4nDw3J8JdA4WxQpDx25NoIZiyNCjFOtM1b3Urk=
github.com/aimjel/minecraft v0.0.0-20231023022015-37f4a0464118 h1:CU4zuChZM/Uti7aQlmJ6IEHAsf7YY9GekOm5lB10+BY=
github.com/aimjel/minecraft v0.0.0-20231023022015-37f4a0464118/go.mod h1:jb47g4nDw3J8JdA4WxQpDx25NoIZiyNCjFOtM1b3Urk=
github.com/aimjel/minecraft v0.0.0-20231023022129-b5fbcc9780d8 h1:2lbdoF9Cjdatmy6xhBNPz/+2OGFekiswQUsYteoLU6o=
github.com/aimjel/minecraft v0.0.0-20231023022129-b5fbcc9780d8/go.mod h1:jb47g4nDw3J8JdA4WxQpDx25NoIZiyNCjFOtM1b3Urk=
github.com/aimjel/minecraft v0.0.0-20231023022244-fb0d6c4d19eb h1:sLvNI1qgTboSFSgnOWzoFOVauPxD5IeclXkDkzEKguk=
github.com/aimjel/minecraft v0.0.0-20231023022244-fb0d6c4d19eb/go.mod h1:jb47g4nDw3J8JdA4WxQpDx25NoIZiyNCjFOtM1b3Urk=
github.com/aimjel/minecraft v0.0.0-20231023023340-c24806ba079c h1:2FmQQxc706k4OV8drnrHWIZ9RGou5ReMXBoh+y6D3/o=
github.com/aimjel/minecraft v0.0.0-20231023023340-c24806ba079c/go.mod h1:jb47g4nDw3J8JdA4WxQpDx25NoIZiyNCjFOtM1b3Urk=
github.com/aimjel/minecraft v0.0.0-20231023030558-364c6e175a8d h1:/v8usp5EglXr9tnOCDsuzN13ODirYu6A9z/XB0KzkxY=
github.com/aimjel/minecraft v0.0.0-20231023030558-364c6e175a8d/go.mod h1:jb47g4nDw3J8JdA4WxQpDx25NoIZiyNCjFOtM1b3Urk=
github.com/aimjel/minecraft v0.0.0-20231023030701-33b875c0e68b h1:Gb+m886X/6VIcouWzDdnWPPUfLXpZnlmFA7UXjGEGJI=
github.com/aimjel/minecraft v0.0.0-20231023030701-33b875c0e68b/go.mod h1:jb47g4nDw3J8JdA4WxQpDx25NoIZiyNCjFOtM1b3Urk=
github.com/aimjel/minecraft v0.0.0-20231023082555-afd9635497a0 h1:AyljKRzPsrJMst4Oo86myYG8s0g8txvt7Cvwun2jqts=
github.com/aimjel/minecraft v0.0.0-20231023082555-afd9635497a0/go.mod h1:jb47g4nDw3J8JdA4WxQpDx25NoIZiyNCjFOtM1b3Urk=
github.com/aimjel/minecraft v0.0.0-20231023082748-4af486dc4036 h1:9JJRPnQDlcAzQlNEk0u6gLyjUDB0tX2fsOMnUryKYQI=
github.com/aimjel/minecraft v0.0.0-20231023082748-4af486dc4036/go.mod h1:jb47g4nDw3J8JdA4WxQpDx25NoIZiyNCjFOtM1b3Urk=
github.com/aimjel/minecraft v0.0.0-20231023082923-00b4e048f657 h1:I6CpUFV8iO12NH7EpR+rqxBnKlyuwifr58jDQQ4t8Js=
github.com/aimjel/minecraft v0.0.0-20231023082923-00b4e048f657/go.mod h1:jb47g4nDw3J8JdA4WxQpDx25NoIZiyNCjFOtM1b3Urk=
github.com/aimjel/minecraft v0.0.0-20231023090823-e8ec402cbc4c h1:jhSNBYFsB6lYaI0aiXiBW8kQD7EHECSIDvxv8oND/Zo=
github.com/aimjel/minecraft v0.0.0-20231023090823-e8ec402cbc4c/go.mod h1:jb47g4nDw3J8JdA4WxQpDx25NoIZiyNCjFOtM1b3Urk=
github.com/aimjel/minecraft v0.0.0-20231023090938-08fa5df9f67e h1:2l/tcI/e4zSogThztHuNCH9PE3WvJqgM10hQ5MeE+K8=
github.com/aimjel/minecraft v0.0.0-20231023090938-08fa5df9f67e/go.mod h1:jb47g4nDw3J8JdA4WxQpDx25NoIZiyNCjFOtM1b3Urk=
github.com/davecgh/go-spew v1.1.0/go.mod h1:J7Y8YcW2NihsgmVo/mv3lAwl/skON4iLHjSsI+c5H38=
github.com/davecgh/go-spew v1.1.1 h1:vj9j/u1bqnvCEfJOwUhtlOARqs3+rkHYY13jYWTU97c=
github.com/davecgh/go-spew v1.1.1/go.mod h1:J7Y8YcW2NihsgmVo/mv3lAwl/skON4iLHjSsI+c5H38=
github.com/fatih/color v1.15.0 h1:kOqh6YHBtK8aywxGerMG2Eq3H6Qgoqeo13Bk2Mv/nBs=
github.com/fatih/color v1.15.0/go.mod h1:0h5ZqXfHYED7Bhv2ZJamyIOUej9KtShiJESRwBDUSsw=
github.com/google/uuid v1.3.1 h1:KjJaJ9iWZ3jOFZIf1Lqf4laDRCasjl0BCmnEGxkdLb4=
github.com/google/uuid v1.3.1/go.mod h1:TIyPZe4MgqvfeYDBFedMoGGpEw/LqOeaOT+nhxU+yHo=
github.com/gorilla/websocket v1.5.0 h1:PPwGk2jz7EePpoHN/+ClbZu8SPxiqlu12wZP/3sWmnc=
github.com/gorilla/websocket v1.5.0/go.mod h1:YR8l580nyteQvAITg2hZ9XVh4b55+EU/adAjf1fMHhE=
github.com/mattn/go-colorable v0.1.13 h1:fFA4WZxdEF4tXPZVKMLwD8oUnCTTo08duU7wxecdEvA=
github.com/mattn/go-colorable v0.1.13/go.mod h1:7S9/ev0klgBDR4GtXTXX8a3vIGJpMovkB8vQcUbaXHg=
github.com/mattn/go-isatty v0.0.16/go.mod h1:kYGgaQfpe5nmfYZH+SKPsOc2e4SrIfOl2e/yFXSvRLM=
github.com/mattn/go-isatty v0.0.19 h1:JITubQf0MOLdlGRuRq+jtsDlekdYPia9ZFsB8h/APPA=
github.com/mattn/go-isatty v0.0.19/go.mod h1:W+V8PltTTMOvKvAeJH7IuucS94S2C6jfK/D7dTCTo3Y=
github.com/pelletier/go-toml/v2 v2.1.0 h1:FnwAJ4oYMvbT/34k9zzHuZNrhlz48GB3/s6at6/MHO4=
github.com/pelletier/go-toml/v2 v2.1.0/go.mod h1:tJU2Z3ZkXwnxa4DPO899bsyIoywizdUvyaeZurnPPDc=
github.com/pmezard/go-difflib v1.0.0 h1:4DBwDE0NGyQoBHbLQYPwSUPoCMWR5BEzIk/f1lZbAQM=
github.com/pmezard/go-difflib v1.0.0/go.mod h1:iKH77koFhYxTK1pcRnkKkqfTogsbg7gZNVY4sRDYZ/4=
github.com/stretchr/objx v0.1.0/go.mod h1:HFkY916IF+rwdDfMAkV7OtwuqBVzrE8GR6GFx+wExME=
github.com/stretchr/objx v0.4.0/go.mod h1:YvHI0jy2hoMjB+UWwv71VJQ9isScKT/TqJzVSSt89Yw=
github.com/stretchr/objx v0.5.0/go.mod h1:Yh+to48EsGEfYuaHDzXPcE3xhTkx73EhmCGUpEOglKo=
github.com/stretchr/testify v1.7.1/go.mod h1:6Fq8oRcR53rry900zMqJjRRixrwX3KX962/h/Wwjteg=
github.com/stretchr/testify v1.8.0/go.mod h1:yNjHg4UonilssWZ8iaSj1OCr/vHnekPRkoO+kdMU+MU=
github.com/stretchr/testify v1.8.4 h1:CcVxjf3Q8PM0mHUKJCdn+eZZtm5yQwehR5yeSVQQcUk=
github.com/stretchr/testify v1.8.4/go.mod h1:sz/lmYIOXD/1dqDmKjjqLyZ2RngseejIcXlSw2iwfAo=
golang.org/x/sys v0.0.0-20220811171246-fbc7d0a398ab/go.mod h1:oPkhp1MJrh7nUepCBck5+mAzfO9JrbApNNgaTdGDITg=
golang.org/x/sys v0.6.0/go.mod h1:oPkhp1MJrh7nUepCBck5+mAzfO9JrbApNNgaTdGDITg=
golang.org/x/sys v0.12.0 h1:CM0HF96J0hcLAwsHPJZjfdNzs0gftsLfgKt57wWHJ0o=
golang.org/x/sys v0.12.0/go.mod h1:oPkhp1MJrh7nUepCBck5+mAzfO9JrbApNNgaTdGDITg=
gopkg.in/check.v1 v0.0.0-20161208181325-20d25e280405/go.mod h1:Co6ibVJAznAaIkqp8huTwlJQCZ016jof/cbN4VW5Yz0=
gopkg.in/yaml.v3 v3.0.0-20200313102051-9f266ea9e77c/go.mod h1:K4uyk7z7BCEPqu6E+C64Yfv1cQ7kz7rIZviUmN+EgEM=
gopkg.in/yaml.v3 v3.0.1 h1:fxVm/GzAzEWqLHuvctI91KS9hhNmmWOoWu0XTYJS7CA=
gopkg.in/yaml.v3 v3.0.1/go.mod h1:K4uyk7z7BCEPqu6E+C64Yfv1cQ7kz7rIZviUmN+EgEM=
